
Microsoft Visual Studio Solution File, Format Version 12.00
# Visual Studio Version 17
VisualStudioVersion = 17.0.32014.148
MinimumVisualStudioVersion = 10.0.40219.1
Project("{FAE04EC0-301F-11D3-BF4B-00C04F79EFBC}") = "sinema_otomasyon_krisis", "sinema_otomasyon_krisis\sinema_otomasyon_krisis.csproj", "{D17BBD47-0949-4188-ACFA-4B062D3F41C3}"
EndProject
Global
	GlobalSection(SolutionConfigurationPlatforms) = preSolution
		Debug|Any CPU = Debug|Any CPU
		Release|Any CPU = Release|Any CPU
	EndGlobalSection
	GlobalSection(ProjectConfigurationPlatforms) = postSolution
		{D17BBD47-0949-4188-ACFA-4B062D3F41C3}.Debug|Any CPU.ActiveCfg = Debug|Any CPU
		{D17BBD47-0949-4188-ACFA-4B062D3F41C3}.Debug|Any CPU.Build.0 = Debug|Any CPU
		{D17BBD47-0949-4188-ACFA-4B062D3F41C3}.Release|Any CPU.ActiveCfg = Release|Any CPU
		{D17BBD47-0949-4188-ACFA-4B062D3F41C3}.Release|Any CPU.Build.0 = Release|Any CPU
	EndGlobalSection
	GlobalSection(SolutionProperties) = preSolution
		HideSolutionNode = FALSE
	EndGlobalSection
	GlobalSection(ExtensibilityGlobals) = postSolution
		SolutionGuid = {145EDDD7-AD36-4064-85B1-359DFBEBF4E4}
	EndGlobalSection
EndGlobal
